
Microsoft Visual Studio Solution File, Format Version 12.00
# Visual Studio Version 17
VisualStudioVersion = 17.8.34330.188
MinimumVisualStudioVersion = 10.0.40219.1
Project("{FAE04EC0-301F-11D3-BF4B-00C04F79EFBC}") = "CodeFirst", "CodeFirst\CodeFirst.csproj", "{101EE5C4-ACE1-4E39-867A-836C9AA20B17}"
EndProject
Global
	GlobalSection(SolutionConfigurationPlatforms) = preSolution
		Debug|Any CPU = Debug|Any CPU
		Release|Any CPU = Release|Any CPU
	EndGlobalSection
	GlobalSection(ProjectConfigurationPlatforms) = postSolution
		{101EE5C4-ACE1-4E39-867A-836C9AA20B17}.Debug|Any CPU.ActiveCfg = Debug|Any CPU
		{101EE5C4-ACE1-4E39-867A-836C9AA20B17}.Debug|Any CPU.Build.0 = Debug|Any CPU
		{101EE5C4-ACE1-4E39-867A-836C9AA20B17}.Release|Any CPU.ActiveCfg = Release|Any CPU
		{101EE5C4-ACE1-4E39-867A-836C9AA20B17}.Release|Any CPU.Build.0 = Release|Any CPU
	EndGlobalSection
	GlobalSection(SolutionProperties) = preSolution
		HideSolutionNode = FALSE
	EndGlobalSection
	GlobalSection(ExtensibilityGlobals) = postSolution
		SolutionGuid = {478A87B4-C36C-492A-B671-2C56DC0985C0}
	EndGlobalSection
EndGlobal
