
Microsoft Visual Studio Solution File, Format Version 12.00
# Visual Studio Version 16
VisualStudioVersion = 25.0.1706.8
MinimumVisualStudioVersion = 10.0.40219.1
Project("{FAE04EC0-301F-11D3-BF4B-00C04F79EFBC}") = "DatabaseFirstApproach", "DatabaseFirstApproach.csproj", "{5AF0CEF1-9CDA-41E8-A7C0-5CF66018A939}"
EndProject
Global
	GlobalSection(SolutionConfigurationPlatforms) = preSolution
		Debug|Any CPU = Debug|Any CPU
		Release|Any CPU = Release|Any CPU
	EndGlobalSection
	GlobalSection(ProjectConfigurationPlatforms) = postSolution
		{5AF0CEF1-9CDA-41E8-A7C0-5CF66018A939}.Debug|Any CPU.ActiveCfg = Debug|Any CPU
		{5AF0CEF1-9CDA-41E8-A7C0-5CF66018A939}.Debug|Any CPU.Build.0 = Debug|Any CPU
		{5AF0CEF1-9CDA-41E8-A7C0-5CF66018A939}.Release|Any CPU.ActiveCfg = Release|Any CPU
		{5AF0CEF1-9CDA-41E8-A7C0-5CF66018A939}.Release|Any CPU.Build.0 = Release|Any CPU
	EndGlobalSection
	GlobalSection(SolutionProperties) = preSolution
		HideSolutionNode = FALSE
	EndGlobalSection
	GlobalSection(ExtensibilityGlobals) = postSolution
		SolutionGuid = {2D69927D-9387-44A2-BAD3-7A854F5E72D4}
	EndGlobalSection
EndGlobal
