
Microsoft Visual Studio Solution File, Format Version 12.00
# Visual Studio Version 16
VisualStudioVersion = 25.0.1706.7
MinimumVisualStudioVersion = 10.0.40219.1
Project("{FAE04EC0-301F-11D3-BF4B-00C04F79EFBC}") = "ArithmeticOperation", "ArithmeticOperation\ArithmeticOperation.csproj", "{6A4EB7F7-1AF0-448C-ABF5-5F5C2A8D05CE}"
EndProject
Global
	GlobalSection(SolutionConfigurationPlatforms) = preSolution
		Debug|Any CPU = Debug|Any CPU
		Release|Any CPU = Release|Any CPU
	EndGlobalSection
	GlobalSection(ProjectConfigurationPlatforms) = postSolution
		{6A4EB7F7-1AF0-448C-ABF5-5F5C2A8D05CE}.Debug|Any CPU.ActiveCfg = Debug|Any CPU
		{6A4EB7F7-1AF0-448C-ABF5-5F5C2A8D05CE}.Debug|Any CPU.Build.0 = Debug|Any CPU
		{6A4EB7F7-1AF0-448C-ABF5-5F5C2A8D05CE}.Release|Any CPU.ActiveCfg = Release|Any CPU
		{6A4EB7F7-1AF0-448C-ABF5-5F5C2A8D05CE}.Release|Any CPU.Build.0 = Release|Any CPU
	EndGlobalSection
	GlobalSection(SolutionProperties) = preSolution
		HideSolutionNode = FALSE
	EndGlobalSection
	GlobalSection(ExtensibilityGlobals) = postSolution
		SolutionGuid = {E4E149DC-EE00-441F-BBCC-6F53143ADA5D}
	EndGlobalSection
EndGlobal
