
Microsoft Visual Studio Solution File, Format Version 12.00
# Visual Studio Version 16
VisualStudioVersion = 25.0.1706.8
MinimumVisualStudioVersion = 10.0.40219.1
Project("{FAE04EC0-301F-11D3-BF4B-00C04F79EFBC}") = "ControllerFileResult", "ControllerFileResult\ControllerFileResult.csproj", "{1759A7B5-59BD-47EF-81DE-94404E02EF8B}"
EndProject
Global
	GlobalSection(SolutionConfigurationPlatforms) = preSolution
		Debug|Any CPU = Debug|Any CPU
		Release|Any CPU = Release|Any CPU
	EndGlobalSection
	GlobalSection(ProjectConfigurationPlatforms) = postSolution
		{1759A7B5-59BD-47EF-81DE-94404E02EF8B}.Debug|Any CPU.ActiveCfg = Debug|Any CPU
		{1759A7B5-59BD-47EF-81DE-94404E02EF8B}.Debug|Any CPU.Build.0 = Debug|Any CPU
		{1759A7B5-59BD-47EF-81DE-94404E02EF8B}.Release|Any CPU.ActiveCfg = Release|Any CPU
		{1759A7B5-59BD-47EF-81DE-94404E02EF8B}.Release|Any CPU.Build.0 = Release|Any CPU
	EndGlobalSection
	GlobalSection(SolutionProperties) = preSolution
		HideSolutionNode = FALSE
	EndGlobalSection
	GlobalSection(ExtensibilityGlobals) = postSolution
		SolutionGuid = {11CD8D58-374C-4987-A552-D56519D30E25}
	EndGlobalSection
EndGlobal
