
Microsoft Visual Studio Solution File, Format Version 12.00
# Visual Studio Version 16
VisualStudioVersion = 25.0.1706.8
MinimumVisualStudioVersion = 10.0.40219.1
Project("{FAE04EC0-301F-11D3-BF4B-00C04F79EFBC}") = "ActionSelectorController", "ActionSelectorController\ActionSelectorController.csproj", "{E659367A-B657-45E7-AF51-253BADCFF9C9}"
EndProject
Global
	GlobalSection(SolutionConfigurationPlatforms) = preSolution
		Debug|Any CPU = Debug|Any CPU
		Release|Any CPU = Release|Any CPU
	EndGlobalSection
	GlobalSection(ProjectConfigurationPlatforms) = postSolution
		{E659367A-B657-45E7-AF51-253BADCFF9C9}.Debug|Any CPU.ActiveCfg = Debug|Any CPU
		{E659367A-B657-45E7-AF51-253BADCFF9C9}.Debug|Any CPU.Build.0 = Debug|Any CPU
		{E659367A-B657-45E7-AF51-253BADCFF9C9}.Release|Any CPU.ActiveCfg = Release|Any CPU
		{E659367A-B657-45E7-AF51-253BADCFF9C9}.Release|Any CPU.Build.0 = Release|Any CPU
	EndGlobalSection
	GlobalSection(SolutionProperties) = preSolution
		HideSolutionNode = FALSE
	EndGlobalSection
	GlobalSection(ExtensibilityGlobals) = postSolution
		SolutionGuid = {F2652BFD-B2ED-45BB-8CF2-2A3FE08FCB09}
	EndGlobalSection
EndGlobal
